Microsoft Visual Studio Solution File, Format Version 12.00
# Visual Studio 15
VisualStudioVersion = 15.0.28307.106
MinimumVisualStudioVersion = 10.0.40219.1
Project("{9A19103F-16F7-4668-BE54-9A1E7A4F7556}") = "Report", "Report.csproj", "{60EEF90C-912C-C6E8-59FA-03E8BEB5660E}"
EndProject
Global
    GlobalSection(SolutionConfigurationPlatforms) = preSolution
        Debug|Any CPU = Debug|Any CPU
        Release|Any CPU = Release|Any CPU
    EndGlobalSection
    GlobalSection(ProjectConfigurationPlatforms) = postSolution
        {60EEF90C-912C-C6E8-59FA-03E8BEB5660E}.Debug|Any CPU.ActiveCfg = Debug|Any CPU
        {60EEF90C-912C-C6E8-59FA-03E8BEB5660E}.Debug|Any CPU.Build.0 = Debug|Any CPU
        {60EEF90C-912C-C6E8-59FA-03E8BEB5660E}.Release|Any CPU.ActiveCfg = Release|Any CPU
        {60EEF90C-912C-C6E8-59FA-03E8BEB5660E}.Release|Any CPU.Build.0 = Release|Any CPU
    EndGlobalSection
    GlobalSection(SolutionProperties) = preSolution
        HideSolutionNode = FALSE
    EndGlobalSection
EndGlobal
